// !$*UTF8*$!
{
	archiveVersion = 1;
	classes = {
	};
	objectVersion = 56;
	objects = {

/* Begin PBXBuildFile section */
		2070D152299EC87800BF207D /* AppDelegate.swift in Sources */ = {isa = PBXBuildFile; fileRef = 2070D151299EC87800BF207D /* AppDelegate.swift */; };
		2070D154299EC87800BF207D /* SceneDelegate.swift in Sources */ = {isa = PBXBuildFile; fileRef = 2070D153299EC87800BF207D /* SceneDelegate.swift */; };
		2070D156299EC87800BF207D /* CharactersListViewController.swift in Sources */ = {isa = PBXBuildFile; fileRef = 2070D155299EC87800BF207D /* CharactersListViewController.swift */; };
		2070D159299EC87800BF207D /* Main.storyboard in Resources */ = {isa = PBXBuildFile; fileRef = 2070D157299EC87800BF207D /* Main.storyboard */; };
		2070D15B299EC87900BF207D /* Assets.xcassets in Resources */ = {isa = PBXBuildFile; fileRef = 2070D15A299EC87900BF207D /* Assets.xcassets */; };
		2070D15E299EC87900BF207D /* LaunchScreen.storyboard in Resources */ = {isa = PBXBuildFile; fileRef = 2070D15C299EC87900BF207D /* LaunchScreen.storyboard */; };
		2070D16A299ECA9C00BF207D /* APIClient.swift in Sources */ = {isa = PBXBuildFile; fileRef = 2070D169299ECA9C00BF207D /* APIClient.swift */; };
		2070D16C299ECBB100BF207D /* CharacterModelResponse.swift in Sources */ = {isa = PBXBuildFile; fileRef = 2070D16B299ECBB100BF207D /* CharacterModelResponse.swift */; };
		2070D16E299ECBE000BF207D /* CharacterModel.swift in Sources */ = {isa = PBXBuildFile; fileRef = 2070D16D299ECBE000BF207D /* CharacterModel.swift */; };
		2070D170299EE88A00BF207D /* CharacterListView.swift in Sources */ = {isa = PBXBuildFile; fileRef = 2070D16F299EE88A00BF207D /* CharacterListView.swift */; };
		2070D172299EEA0100BF207D /* CharacterListCellView.swift in Sources */ = {isa = PBXBuildFile; fileRef = 2070D171299EEA0100BF207D /* CharacterListCellView.swift */; };
		2070D174299EEEB100BF207D /* ListOfCharactersTableViewDataSource.swift in Sources */ = {isa = PBXBuildFile; fileRef = 2070D173299EEEB100BF207D /* ListOfCharactersTableViewDataSource.swift */; };
		2070D177299EF20200BF207D /* Kingfisher in Frameworks */ = {isa = PBXBuildFile; productRef = 2070D176299EF20200BF207D /* Kingfisher */; };
		2070D179299EF29100BF207D /* ListOfCharactersTableViewDelegate.swift in Sources */ = {isa = PBXBuildFile; fileRef = 2070D178299EF29100BF207D /* ListOfCharactersTableViewDelegate.swift */; };
		2070D180299EF42A00BF207D /* CharacterDetailsView.swift in Sources */ = {isa = PBXBuildFile; fileRef = 2070D17F299EF42A00BF207D /* CharacterDetailsView.swift */; };
		2070D182299EFF8300BF207D /* CharacterDetailViewController.swift in Sources */ = {isa = PBXBuildFile; fileRef = 2070D181299EFF8300BF207D /* CharacterDetailViewController.swift */; };
		2070D185299F034800BF207D /* Coordinator.swift in Sources */ = {isa = PBXBuildFile; fileRef = 2070D184299F034800BF207D /* Coordinator.swift */; };
		2070D187299F042300BF207D /* MainCoordinator.swift in Sources */ = {isa = PBXBuildFile; fileRef = 2070D186299F042300BF207D /* MainCoordinator.swift */; };
		2070D189299F08B300BF207D /* CharacterDetailsPushCoordinator.swift in Sources */ = {isa = PBXBuildFile; fileRef = 2070D188299F08B300BF207D /* CharacterDetailsPushCoordinator.swift */; };
/* End PBXBuildFile section */

/* Begin PBXFileReference section */
		2070D14E299EC87800BF207D /* Rick-and-Morty-MVC-C.app */ = {isa = PBXFileReference; explicitFileType = wrapper.application; includeInIndex = 0; path = "Rick-and-Morty-MVC-C.app"; sourceTree = BUILT_PRODUCTS_DIR; };
		2070D151299EC87800BF207D /* AppDelegate.swift */ = {isa = PBXFileReference; lastKnownFileType = sourcecode.swift; path = AppDelegate.swift; sourceTree = "<group>"; };
		2070D153299EC87800BF207D /* SceneDelegate.swift */ = {isa = PBXFileReference; lastKnownFileType = sourcecode.swift; path = SceneDelegate.swift; sourceTree = "<group>"; };
		2070D155299EC87800BF207D /* CharactersListViewController.swift */ = {isa = PBXFileReference; lastKnownFileType = sourcecode.swift; path = CharactersListViewController.swift; sourceTree = "<group>"; };
		2070D158299EC87800BF207D /* Base */ = {isa = PBXFileReference; lastKnownFileType = file.storyboard; name = Base; path = Base.lproj/Main.storyboard; sourceTree = "<group>"; };
		2070D15A299EC87900BF207D /* Assets.xcassets */ = {isa = PBXFileReference; lastKnownFileType = folder.assetcatalog; path = Assets.xcassets; sourceTree = "<group>"; };
		2070D15D299EC87900BF207D /* Base */ = {isa = PBXFileReference; lastKnownFileType = file.storyboard; name = Base; path = Base.lproj/LaunchScreen.storyboard; sourceTree = "<group>"; };
		2070D15F299EC87900BF207D /* Info.plist */ = {isa = PBXFileReference; lastKnownFileType = text.plist.xml; path = Info.plist; sourceTree = "<group>"; };
		2070D165299EC94800BF207D /* README.md */ = {isa = PBXFileReference; lastKnownFileType = net.daringfireball.markdown; path = README.md; sourceTree = "<group>"; };
		2070D169299ECA9C00BF207D /* APIClient.swift */ = {isa = PBXFileReference; lastKnownFileType = sourcecode.swift; path = APIClient.swift; sourceTree = "<group>"; };
		2070D16B299ECBB100BF207D /* CharacterModelResponse.swift */ = {isa = PBXFileReference; lastKnownFileType = sourcecode.swift; path = CharacterModelResponse.swift; sourceTree = "<group>"; };
		2070D16D299ECBE000BF207D /* CharacterModel.swift */ = {isa = PBXFileReference; lastKnownFileType = sourcecode.swift; path = CharacterModel.swift; sourceTree = "<group>"; };
		2070D16F299EE88A00BF207D /* CharacterListView.swift */ = {isa = PBXFileReference; lastKnownFileType = sourcecode.swift; path = CharacterListView.swift; sourceTree = "<group>"; };
		2070D171299EEA0100BF207D /* CharacterListCellView.swift */ = {isa = PBXFileReference; lastKnownFileType = sourcecode.swift; path = CharacterListCellView.swift; sourceTree = "<group>"; };
		2070D173299EEEB100BF207D /* ListOfCharactersTableViewDataSource.swift */ = {isa = PBXFileReference; lastKnownFileType = sourcecode.swift; path = ListOfCharactersTableViewDataSource.swift; sourceTree = "<group>"; };
		2070D178299EF29100BF207D /* ListOfCharactersTableViewDelegate.swift */ = {isa = PBXFileReference; lastKnownFileType = sourcecode.swift; path = ListOfCharactersTableViewDelegate.swift; sourceTree = "<group>"; };
		2070D17F299EF42A00BF207D /* CharacterDetailsView.swift */ = {isa = PBXFileReference; lastKnownFileType = sourcecode.swift; path = CharacterDetailsView.swift; sourceTree = "<group>"; };
		2070D181299EFF8300BF207D /* CharacterDetailViewController.swift */ = {isa = PBXFileReference; lastKnownFileType = sourcecode.swift; path = CharacterDetailViewController.swift; sourceTree = "<group>"; };
		2070D184299F034800BF207D /* Coordinator.swift */ = {isa = PBXFileReference; lastKnownFileType = sourcecode.swift; path = Coordinator.swift; sourceTree = "<group>"; };
		2070D186299F042300BF207D /* MainCoordinator.swift */ = {isa = PBXFileReference; lastKnownFileType = sourcecode.swift; path = MainCoordinator.swift; sourceTree = "<group>"; };
		2070D188299F08B300BF207D /* CharacterDetailsPushCoordinator.swift */ = {isa = PBXFileReference; lastKnownFileType = sourcecode.swift; path = CharacterDetailsPushCoordinator.swift; sourceTree = "<group>"; };
/* End PBXFileReference section */

/* Begin PBXFrameworksBuildPhase section */
		2070D14B299EC87800BF207D /* Frameworks */ = {
			isa = PBXFrameworksBuildPhase;
			buildActionMask = 2147483647;
			files = (
				2070D177299EF20200BF207D /* Kingfisher in Frameworks */,
			);
			runOnlyForDeploymentPostprocessing = 0;
		};
/* End PBXFrameworksBuildPhase section */

/* Begin PBXGroup section */
		2070D145299EC87800BF207D = {
			isa = PBXGroup;
			children = (
				2070D165299EC94800BF207D /* README.md */,
				2070D150299EC87800BF207D /* Rick-and-Morty-MVC-C */,
				2070D14F299EC87800BF207D /* Products */,
			);
			sourceTree = "<group>";
		};
		2070D14F299EC87800BF207D /* Products */ = {
			isa = PBXGroup;
			children = (
				2070D14E299EC87800BF207D /* Rick-and-Morty-MVC-C.app */,
			);
			name = Products;
			sourceTree = "<group>";
		};
		2070D150299EC87800BF207D /* Rick-and-Morty-MVC-C */ = {
			isa = PBXGroup;
			children = (
				2070D151299EC87800BF207D /* AppDelegate.swift */,
				2070D153299EC87800BF207D /* SceneDelegate.swift */,
				2070D183299F032F00BF207D /* Coordinators */,
				2070D17B299EF3EA00BF207D /* CharacterDetails */,
				2070D17A299EF3A800BF207D /* ListOfCharacters */,
				2070D15A299EC87900BF207D /* Assets.xcassets */,
				2070D15C299EC87900BF207D /* LaunchScreen.storyboard */,
				2070D15F299EC87900BF207D /* Info.plist */,
			);
			path = "Rick-and-Morty-MVC-C";
			sourceTree = "<group>";
		};
		2070D166299ECA3A00BF207D /* Controller */ = {
			isa = PBXGroup;
			children = (
				2070D155299EC87800BF207D /* CharactersListViewController.swift */,
				2070D173299EEEB100BF207D /* ListOfCharactersTableViewDataSource.swift */,
				2070D178299EF29100BF207D /* ListOfCharactersTableViewDelegate.swift */,
			);
			path = Controller;
			sourceTree = "<group>";
		};
		2070D167299ECA4400BF207D /* View */ = {
			isa = PBXGroup;
			children = (
				2070D157299EC87800BF207D /* Main.storyboard */,
				2070D16F299EE88A00BF207D /* CharacterListView.swift */,
				2070D171299EEA0100BF207D /* CharacterListCellView.swift */,
			);
			path = View;
			sourceTree = "<group>";
		};
		2070D168299ECA4B00BF207D /* Model */ = {
			isa = PBXGroup;
			children = (
				2070D169299ECA9C00BF207D /* APIClient.swift */,
				2070D16B299ECBB100BF207D /* CharacterModelResponse.swift */,
				2070D16D299ECBE000BF207D /* CharacterModel.swift */,
			);
			path = Model;
			sourceTree = "<group>";
		};
		2070D17A299EF3A800BF207D /* ListOfCharacters */ = {
			isa = PBXGroup;
			children = (
				2070D168299ECA4B00BF207D /* Model */,
				2070D167299ECA4400BF207D /* View */,
				2070D166299ECA3A00BF207D /* Controller */,
			);
			path = ListOfCharacters;
			sourceTree = "<group>";
		};
		2070D17B299EF3EA00BF207D /* CharacterDetails */ = {
			isa = PBXGroup;
			children = (
				2070D17C299EF3FD00BF207D /* Model */,
				2070D17D299EF40300BF207D /* View */,
				2070D17E299EF40800BF207D /* Controller */,
			);
			path = CharacterDetails;
			sourceTree = "<group>";
		};
		2070D17C299EF3FD00BF207D /* Model */ = {
			isa = PBXGroup;
			children = (
			);
			path = Model;
			sourceTree = "<group>";
		};
		2070D17D299EF40300BF207D /* View */ = {
			isa = PBXGroup;
			children = (
				2070D17F299EF42A00BF207D /* CharacterDetailsView.swift */,
			);
			path = View;
			sourceTree = "<group>";
		};
		2070D17E299EF40800BF207D /* Controller */ = {
			isa = PBXGroup;
			children = (
				2070D181299EFF8300BF207D /* CharacterDetailViewController.swift */,
			);
			path = Controller;
			sourceTree = "<group>";
		};
		2070D183299F032F00BF207D /* Coordinators */ = {
			isa = PBXGroup;
			children = (
				2070D184299F034800BF207D /* Coordinator.swift */,
				2070D186299F042300BF207D /* MainCoordinator.swift */,
				2070D188299F08B300BF207D /* CharacterDetailsPushCoordinator.swift */,
			);
			path = Coordinators;
			sourceTree = "<group>";
		};
/* End PBXGroup section */

/* Begin PBXNativeTarget section */
		2070D14D299EC87800BF207D /* Rick-and-Morty-MVC-C */ = {
			isa = PBXNativeTarget;
			buildConfigurationList = 2070D162299EC87900BF207D /* Build configuration list for PBXNativeTarget "Rick-and-Morty-MVC-C" */;
			buildPhases = (
				2070D14A299EC87800BF207D /* Sources */,
				2070D14B299EC87800BF207D /* Frameworks */,
				2070D14C299EC87800BF207D /* Resources */,
			);
			buildRules = (
			);
			dependencies = (
			);
			name = "Rick-and-Morty-MVC-C";
			packageProductDependencies = (
				2070D176299EF20200BF207D /* Kingfisher */,
			);
			productName = "Rick-and-Morty-MVC-C";
			productReference = 2070D14E299EC87800BF207D /* Rick-and-Morty-MVC-C.app */;
			productType = "com.apple.product-type.application";
		};
/* End PBXNativeTarget section */

/* Begin PBXProject section */
		2070D146299EC87800BF207D /* Project object */ = {
			isa = PBXProject;
			attributes = {
				BuildIndependentTargetsInParallel = 1;
				LastSwiftUpdateCheck = 1420;
				LastUpgradeCheck = 1420;
				TargetAttributes = {
					2070D14D299EC87800BF207D = {
						CreatedOnToolsVersion = 14.2;
					};
				};
			};
			buildConfigurationList = 2070D149299EC87800BF207D /* Build configuration list for PBXProject "Rick-and-Morty-MVC-C" */;
			compatibilityVersion = "Xcode 14.0";
			developmentRegion = en;
			hasScannedForEncodings = 0;
			knownRegions = (
				en,
				Base,
			);
			mainGroup = 2070D145299EC87800BF207D;
			packageReferences = (
				2070D175299EF20200BF207D /* XCRemoteSwiftPackageReference "Kingfisher" */,
			);
			productRefGroup = 2070D14F299EC87800BF207D /* Products */;
			projectDirPath = "";
			projectRoot = "";
			targets = (
				2070D14D299EC87800BF207D /* Rick-and-Morty-MVC-C */,
			);
		};
/* End PBXProject section */

/* Begin PBXResourcesBuildPhase section */
		2070D14C299EC87800BF207D /* Resources */ = {
			isa = PBXResourcesBuildPhase;
			buildActionMask = 2147483647;
			files = (
				2070D15E299EC87900BF207D /* LaunchScreen.storyboard in Resources */,
				2070D15B299EC87900BF207D /* Assets.xcassets in Resources */,
				2070D159299EC87800BF207D /* Main.storyboard in Resources */,
			);
			runOnlyForDeploymentPostprocessing = 0;
		};
/* End PBXResourcesBuildPhase section */

/* Begin PBXSourcesBuildPhase section */
		2070D14A299EC87800BF207D /* Sources */ = {
			isa = PBXSourcesBuildPhase;
			buildActionMask = 2147483647;
			files = (
				2070D174299EEEB100BF207D /* ListOfCharactersTableViewDataSource.swift in Sources */,
				2070D187299F042300BF207D /* MainCoordinator.swift in Sources */,
				2070D182299EFF8300BF207D /* CharacterDetailViewController.swift in Sources */,
				2070D185299F034800BF207D /* Coordinator.swift in Sources */,
				2070D16C299ECBB100BF207D /* CharacterModelResponse.swift in Sources */,
				2070D156299EC87800BF207D /* CharactersListViewController.swift in Sources */,
				2070D180299EF42A00BF207D /* CharacterDetailsView.swift in Sources */,
				2070D172299EEA0100BF207D /* CharacterListCellView.swift in Sources */,
				2070D170299EE88A00BF207D /* CharacterListView.swift in Sources */,
				2070D179299EF29100BF207D /* ListOfCharactersTableViewDelegate.swift in Sources */,
				2070D152299EC87800BF207D /* AppDelegate.swift in Sources */,
				2070D189299F08B300BF207D /* CharacterDetailsPushCoordinator.swift in Sources */,
				2070D16E299ECBE000BF207D /* CharacterModel.swift in Sources */,
				2070D154299EC87800BF207D /* SceneDelegate.swift in Sources */,
				2070D16A299ECA9C00BF207D /* APIClient.swift in Sources */,
			);
			runOnlyForDeploymentPostprocessing = 0;
		};
/* End PBXSourcesBuildPhase section */

/* Begin PBXVariantGroup section */
		2070D157299EC87800BF207D /* Main.storyboard */ = {
			isa = PBXVariantGroup;
			children = (
				2070D158299EC87800BF207D /* Base */,
			);
			name = Main.storyboard;
			sourceTree = "<group>";
		};
		2070D15C299EC87900BF207D /* LaunchScreen.storyboard */ = {
			isa = PBXVariantGroup;
			children = (
				2070D15D299EC87900BF207D /* Base */,
			);
			name = LaunchScreen.storyboard;
			sourceTree = "<group>";
		};
/* End PBXVariantGroup section */

/* Begin XCBuildConfiguration section */
		2070D160299EC87900BF207D /* Debug */ = {
			isa = XCBuildConfiguration;
			buildSettings = {
				ALWAYS_SEARCH_USER_PATHS = NO;
				CLANG_ANALYZER_NONNULL = YES;
				CLANG_ANALYZER_NUMBER_OBJECT_CONVERSION = YES_AGGRESSIVE;
				CLANG_CXX_LANGUAGE_STANDARD = "gnu++20";
				CLANG_ENABLE_MODULES = YES;
				CLANG_ENABLE_OBJC_ARC = YES;
				CLANG_ENABLE_OBJC_WEAK = YES;
				CLANG_WARN_BLOCK_CAPTURE_AUTORELEASING = YES;
				CLANG_WARN_BOOL_CONVERSION = YES;
				CLANG_WARN_COMMA = YES;
				CLANG_WARN_CONSTANT_CONVERSION = YES;
				CLANG_WARN_DEPRECATED_OBJC_IMPLEMENTATIONS = YES;
				CLANG_WARN_DIRECT_OBJC_ISA_USAGE = YES_ERROR;
				CLANG_WARN_DOCUMENTATION_COMMENTS = YES;
				CLANG_WARN_EMPTY_BODY = YES;
				CLANG_WARN_ENUM_CONVERSION = YES;
				CLANG_WARN_INFINITE_RECURSION = YES;
				CLANG_WARN_INT_CONVERSION = YES;
				CLANG_WARN_NON_LITERAL_NULL_CONVERSION = YES;
				CLANG_WARN_OBJC_IMPLICIT_RETAIN_SELF = YES;
				CLANG_WARN_OBJC_LITERAL_CONVERSION = YES;
				CLANG_WARN_OBJC_ROOT_CLASS = YES_ERROR;
				CLANG_WARN_QUOTED_INCLUDE_IN_FRAMEWORK_HEADER = YES;
				CLANG_WARN_RANGE_LOOP_ANALYSIS = YES;
				CLANG_WARN_STRICT_PROTOTYPES = YES;
				CLANG_WARN_SUSPICIOUS_MOVE = YES;
				CLANG_WARN_UNGUARDED_AVAILABILITY = YES_AGGRESSIVE;
				CLANG_WARN_UNREACHABLE_CODE = YES;
				CLANG_WARN__DUPLICATE_METHOD_MATCH = YES;
				COPY_PHASE_STRIP = NO;
				DEBUG_INFORMATION_FORMAT = dwarf;
				ENABLE_STRICT_OBJC_MSGSEND = YES;
				ENABLE_TESTABILITY = YES;
				GCC_C_LANGUAGE_STANDARD = gnu11;
				GCC_DYNAMIC_NO_PIC = NO;
				GCC_NO_COMMON_BLOCKS = YES;
				GCC_OPTIMIZATION_LEVEL = 0;
				GCC_PREPROCESSOR_DEFINITIONS = (
					"DEBUG=1",
					"$(inherited)",
				);
				GCC_WARN_64_TO_32_BIT_CONVERSION = YES;
				GCC_WARN_ABOUT_RETURN_TYPE = YES_ERROR;
				GCC_WARN_UNDECLARED_SELECTOR = YES;
				GCC_WARN_UNINITIALIZED_AUTOS = YES_AGGRESSIVE;
				GCC_WARN_UNUSED_FUNCTION = YES;
				GCC_WARN_UNUSED_VARIABLE = YES;
				IPHONEOS_DEPLOYMENT_TARGET = 16.2;
				MTL_ENABLE_DEBUG_INFO = INCLUDE_SOURCE;
				MTL_FAST_MATH = YES;
				ONLY_ACTIVE_ARCH = YES;
				SDKROOT = iphoneos;
				SWIFT_ACTIVE_COMPILATION_CONDITIONS = DEBUG;
				SWIFT_OPTIMIZATION_LEVEL = "-Onone";
			};
			name = Debug;
		};
		2070D161299EC87900BF207D /* Release */ = {
			isa = XCBuildConfiguration;
			buildSettings = {
				ALWAYS_SEARCH_USER_PATHS = NO;
				CLANG_ANALYZER_NONNULL = YES;
				CLANG_ANALYZER_NUMBER_OBJECT_CONVERSION = YES_AGGRESSIVE;
				CLANG_CXX_LANGUAGE_STANDARD = "gnu++20";
				CLANG_ENABLE_MODULES = YES;
				CLANG_ENABLE_OBJC_ARC = YES;
				CLANG_ENABLE_OBJC_WEAK = YES;
				CLANG_WARN_BLOCK_CAPTURE_AUTORELEASING = YES;
				CLANG_WARN_BOOL_CONVERSION = YES;
				CLANG_WARN_COMMA = YES;
				CLANG_WARN_CONSTANT_CONVERSION = YES;
				CLANG_WARN_DEPRECATED_OBJC_IMPLEMENTATIONS = YES;
				CLANG_WARN_DIRECT_OBJC_ISA_USAGE = YES_ERROR;
				CLANG_WARN_DOCUMENTATION_COMMENTS = YES;
				CLANG_WARN_EMPTY_BODY = YES;
				CLANG_WARN_ENUM_CONVERSION = YES;
				CLANG_WARN_INFINITE_RECURSION = YES;
				CLANG_WARN_INT_CONVERSION = YES;
				CLANG_WARN_NON_LITERAL_NULL_CONVERSION = YES;
				CLANG_WARN_OBJC_IMPLICIT_RETAIN_SELF = YES;
				CLANG_WARN_OBJC_LITERAL_CONVERSION = YES;
				CLANG_WARN_OBJC_ROOT_CLASS = YES_ERROR;
				CLANG_WARN_QUOTED_INCLUDE_IN_FRAMEWORK_HEADER = YES;
				CLANG_WARN_RANGE_LOOP_ANALYSIS = YES;
				CLANG_WARN_STRICT_PROTOTYPES = YES;
				CLANG_WARN_SUSPICIOUS_MOVE = YES;
				CLANG_WARN_UNGUARDED_AVAILABILITY = YES_AGGRESSIVE;
				CLANG_WARN_UNREACHABLE_CODE = YES;
				CLANG_WARN__DUPLICATE_METHOD_MATCH = YES;
				COPY_PHASE_STRIP = NO;
				DEBUG_INFORMATION_FORMAT = "dwarf-with-dsym";
				ENABLE_NS_ASSERTIONS = NO;
				ENABLE_STRICT_OBJC_MSGSEND = YES;
				GCC_C_LANGUAGE_STANDARD = gnu11;
				GCC_NO_COMMON_BLOCKS = YES;
				GCC_WARN_64_TO_32_BIT_CONVERSION = YES;
				GCC_WARN_ABOUT_RETURN_TYPE = YES_ERROR;
				GCC_WARN_UNDECLARED_SELECTOR = YES;
				GCC_WARN_UNINITIALIZED_AUTOS = YES_AGGRESSIVE;
				GCC_WARN_UNUSED_FUNCTION = YES;
				GCC_WARN_UNUSED_VARIABLE = YES;
				IPHONEOS_DEPLOYMENT_TARGET = 16.2;
				MTL_ENABLE_DEBUG_INFO = NO;
				MTL_FAST_MATH = YES;
				SDKROOT = iphoneos;
				SWIFT_COMPILATION_MODE = wholemodule;
				SWIFT_OPTIMIZATION_LEVEL = "-O";
				VALIDATE_PRODUCT = YES;
			};
			name = Release;
		};
		2070D163299EC87900BF207D /* Debug */ = {
			isa = XCBuildConfiguration;
			buildSettings = {
				ASSETCATALOG_COMPILER_APPICON_NAME = AppIcon;
				ASSETCATALOG_COMPILER_GLOBAL_ACCENT_COLOR_NAME = AccentColor;
				CODE_SIGN_STYLE = Automatic;
				CURRENT_PROJECT_VERSION = 1;
				DEVELOPMENT_TEAM = DZDWNPN8YP;
				GENERATE_INFOPLIST_FILE = YES;
				INFOPLIST_FILE = "Rick-and-Morty-MVC-C/Info.plist";
				INFOPLIST_KEY_UIApplicationSupportsIndirectInputEvents = YES;
				INFOPLIST_KEY_UILaunchStoryboardName = LaunchScreen;
				INFOPLIST_KEY_UIMainStoryboardFile = Main;
				INFOPLIST_KEY_UISupportedInterfaceOrientations_iPad = "UIInterfaceOrientationPortrait UIInterfaceOrientationPortraitUpsideDown UIInterfaceOrientationLandscapeLeft UIInterfaceOrientationLandscapeRight";
				INFOPLIST_KEY_UISupportedInterfaceOrientations_iPhone = "UIInterfaceOrientationPortrait UIInterfaceOrientationLandscapeLeft UIInterfaceOrientationLandscapeRight";
				LD_RUNPATH_SEARCH_PATHS = (
					"$(inherited)",
					"@executable_path/Frameworks",
				);
				MARKETING_VERSION = 1.0;
				PRODUCT_BUNDLE_IDENTIFIER = "com.eacardenase.Rick-and-Morty-MVC-C";
				PRODUCT_NAME = "$(TARGET_NAME)";
				SWIFT_EMIT_LOC_STRINGS = YES;
				SWIFT_VERSION = 5.0;
				TARGETED_DEVICE_FAMILY = "1,2";
			};
			name = Debug;
		};
		2070D164299EC87900BF207D /* Release */ = {
			isa = XCBuildConfiguration;
			buildSettings = {
				ASSETCATALOG_COMPILER_APPICON_NAME = AppIcon;
				ASSETCATALOG_COMPILER_GLOBAL_ACCENT_COLOR_NAME = AccentColor;
				CODE_SIGN_STYLE = Automatic;
				CURRENT_PROJECT_VERSION = 1;
				DEVELOPMENT_TEAM = DZDWNPN8YP;
				GENERATE_INFOPLIST_FILE = YES;
				INFOPLIST_FILE = "Rick-and-Morty-MVC-C/Info.plist";
				INFOPLIST_KEY_UIApplicationSupportsIndirectInputEvents = YES;
				INFOPLIST_KEY_UILaunchStoryboardName = LaunchScreen;
				INFOPLIST_KEY_UIMainStoryboardFile = Main;
				INFOPLIST_KEY_UISupportedInterfaceOrientations_iPad = "UIInterfaceOrientationPortrait UIInterfaceOrientationPortraitUpsideDown UIInterfaceOrientationLandscapeLeft UIInterfaceOrientationLandscapeRight";
				INFOPLIST_KEY_UISupportedInterfaceOrientations_iPhone = "UIInterfaceOrientationPortrait UIInterfaceOrientationLandscapeLeft UIInterfaceOrientationLandscapeRight";
				LD_RUNPATH_SEARCH_PATHS = (
					"$(inherited)",
					"@executable_path/Frameworks",
				);
				MARKETING_VERSION = 1.0;
				PRODUCT_BUNDLE_IDENTIFIER = "com.eacardenase.Rick-and-Morty-MVC-C";
				PRODUCT_NAME = "$(TARGET_NAME)";
				SWIFT_EMIT_LOC_STRINGS = YES;
				SWIFT_VERSION = 5.0;
				TARGETED_DEVICE_FAMILY = "1,2";
			};
			name = Release;
		};
/* End XCBuildConfiguration section */

/* Begin XCConfigurationList section */
		2070D149299EC87800BF207D /* Build configuration list for PBXProject "Rick-and-Morty-MVC-C" */ = {
			isa = XCConfigurationList;
			buildConfigurations = (
				2070D160299EC87900BF207D /* Debug */,
				2070D161299EC87900BF207D /* Release */,
			);
			defaultConfigurationIsVisible = 0;
			defaultConfigurationName = Release;
		};
		2070D162299EC87900BF207D /* Build configuration list for PBXNativeTarget "Rick-and-Morty-MVC-C" */ = {
			isa = XCConfigurationList;
			buildConfigurations = (
				2070D163299EC87900BF207D /* Debug */,
				2070D164299EC87900BF207D /* Release */,
			);
			defaultConfigurationIsVisible = 0;
			defaultConfigurationName = Release;
		};
/* End XCConfigurationList section */

/* Begin XCRemoteSwiftPackageReference section */
		2070D175299EF20200BF207D /* XCRemoteSwiftPackageReference "Kingfisher" */ = {
			isa = XCRemoteSwiftPackageReference;
			repositoryURL = "https://github.com/onevcat/Kingfisher";
			requirement = {
				kind = upToNextMajorVersion;
				minimumVersion = 7.0.0;
			};
		};
/* End XCRemoteSwiftPackageReference section */

/* Begin XCSwiftPackageProductDependency section */
		2070D176299EF20200BF207D /* Kingfisher */ = {
			isa = XCSwiftPackageProductDependency;
			package = 2070D175299EF20200BF207D /* XCRemoteSwiftPackageReference "Kingfisher" */;
			productName = Kingfisher;
		};
/* End XCSwiftPackageProductDependency section */
	};
	rootObject = 2070D146299EC87800BF207D /* Project object */;
}
